
Microsoft Visual Studio Solution File, Format Version 12.00
# Visual Studio Version 17
VisualStudioVersion = 17.5.002.0
MinimumVisualStudioVersion = 10.0.40219.1
Project("{9A19103F-16F7-4668-BE54-9A1E7A4F7556}") = "DesafioPOO", "DesafioPOO.csproj", "{449507F8-29A0-42EA-A8CB-6012DAF7EA2D}"
EndProject
Global
	GlobalSection(SolutionConfigurationPlatforms) = preSolution
		Debug|Any CPU = Debug|Any CPU
		Release|Any CPU = Release|Any CPU
	EndGlobalSection
	GlobalSection(ProjectConfigurationPlatforms) = postSolution
		{449507F8-29A0-42EA-A8CB-6012DAF7EA2D}.Debug|Any CPU.ActiveCfg = Debug|Any CPU
		{449507F8-29A0-42EA-A8CB-6012DAF7EA2D}.Debug|Any CPU.Build.0 = Debug|Any CPU
		{449507F8-29A0-42EA-A8CB-6012DAF7EA2D}.Release|Any CPU.ActiveCfg = Release|Any CPU
		{449507F8-29A0-42EA-A8CB-6012DAF7EA2D}.Release|Any CPU.Build.0 = Release|Any CPU
	EndGlobalSection
	GlobalSection(SolutionProperties) = preSolution
		HideSolutionNode = FALSE
	EndGlobalSection
	GlobalSection(ExtensibilityGlobals) = postSolution
		SolutionGuid = {D96EC976-82FD-4502-B00D-0A3269658A92}
	EndGlobalSection
EndGlobal
